
Microsoft Visual Studio Solution File, Format Version 12.00
# Visual Studio Version 17
VisualStudioVersion = 17.10.34916.146
MinimumVisualStudioVersion = 10.0.40219.1
Project("{9A19103F-16F7-4668-BE54-9A1E7A4F7556}") = "SalesDatePrediction", "SalesDatePrediction.csproj", "{8CEACBDF-4EB5-4755-B3BD-F4A4BA011A98}"
EndProject
Project("{FAE04EC0-301F-11D3-BF4B-00C04F79EFBC}") = "SalesDatePrediction.Tests", "..\SalesDatePrediction.Tests\SalesDatePrediction.Tests.csproj", "{88A15F57-68ED-481B-8BF3-D797C35E64A1}"
EndProject
Global
	GlobalSection(SolutionConfigurationPlatforms) = preSolution
		Debug|Any CPU = Debug|Any CPU
		Release|Any CPU = Release|Any CPU
	EndGlobalSection
	GlobalSection(ProjectConfigurationPlatforms) = postSolution
		{8CEACBDF-4EB5-4755-B3BD-F4A4BA011A98}.Debug|Any CPU.ActiveCfg = Debug|Any CPU
		{8CEACBDF-4EB5-4755-B3BD-F4A4BA011A98}.Debug|Any CPU.Build.0 = Debug|Any CPU
		{8CEACBDF-4EB5-4755-B3BD-F4A4BA011A98}.Release|Any CPU.ActiveCfg = Release|Any CPU
		{8CEACBDF-4EB5-4755-B3BD-F4A4BA011A98}.Release|Any CPU.Build.0 = Release|Any CPU
		{88A15F57-68ED-481B-8BF3-D797C35E64A1}.Debug|Any CPU.ActiveCfg = Debug|Any CPU
		{88A15F57-68ED-481B-8BF3-D797C35E64A1}.Debug|Any CPU.Build.0 = Debug|Any CPU
		{88A15F57-68ED-481B-8BF3-D797C35E64A1}.Release|Any CPU.ActiveCfg = Release|Any CPU
		{88A15F57-68ED-481B-8BF3-D797C35E64A1}.Release|Any CPU.Build.0 = Release|Any CPU
	EndGlobalSection
	GlobalSection(SolutionProperties) = preSolution
		HideSolutionNode = FALSE
	EndGlobalSection
	GlobalSection(ExtensibilityGlobals) = postSolution
		SolutionGuid = {19913565-E7A6-401E-A6C9-C6C2700C3E75}
	EndGlobalSection
EndGlobal
